
Microsoft Visual Studio Solution File, Format Version 11.00
# Visual Studio 2010
Project("{FAE04EC0-301F-11D3-BF4B-00C04F79EFBC}") = "TestConsole", "TestConsole\TestConsole.csproj", "{FB5BACE0-090B-42A6-99F9-0D30CEA74C2B}"
EndProject
Project("{FAE04EC0-301F-11D3-BF4B-00C04F79EFBC}") = "ClassLibrary1", "ClassLibrary1\ClassLibrary1.csproj", "{7C9567A0-309C-4FC0-895B-0D62A2F32ECE}"
EndProject
Project("{FAE04EC0-301F-11D3-BF4B-00C04F79EFBC}") = "K3ToX9BillTransfer", "K3ToX9BillTransfer\K3ToX9BillTransfer.csproj", "{A4BEC255-97BD-45B5-A11A-FBCA373A0FB3}"
EndProject
Global
	GlobalSection(SolutionConfigurationPlatforms) = preSolution
		Debug|Any CPU = Debug|Any CPU
		Debug|Mixed Platforms = Debug|Mixed Platforms
		Debug|x86 = Debug|x86
		Release|Any CPU = Release|Any CPU
		Release|Mixed Platforms = Release|Mixed Platforms
		Release|x86 = Release|x86
	EndGlobalSection
	GlobalSection(ProjectConfigurationPlatforms) = postSolution
		{FB5BACE0-090B-42A6-99F9-0D30CEA74C2B}.Debug|Any CPU.ActiveCfg = Debug|x86
		{FB5BACE0-090B-42A6-99F9-0D30CEA74C2B}.Debug|Mixed Platforms.ActiveCfg = Debug|x86
		{FB5BACE0-090B-42A6-99F9-0D30CEA74C2B}.Debug|Mixed Platforms.Build.0 = Debug|x86
		{FB5BACE0-090B-42A6-99F9-0D30CEA74C2B}.Debug|x86.ActiveCfg = Debug|x86
		{FB5BACE0-090B-42A6-99F9-0D30CEA74C2B}.Debug|x86.Build.0 = Debug|x86
		{FB5BACE0-090B-42A6-99F9-0D30CEA74C2B}.Release|Any CPU.ActiveCfg = Release|x86
		{FB5BACE0-090B-42A6-99F9-0D30CEA74C2B}.Release|Mixed Platforms.ActiveCfg = Release|x86
		{FB5BACE0-090B-42A6-99F9-0D30CEA74C2B}.Release|Mixed Platforms.Build.0 = Release|x86
		{FB5BACE0-090B-42A6-99F9-0D30CEA74C2B}.Release|x86.ActiveCfg = Release|x86
		{FB5BACE0-090B-42A6-99F9-0D30CEA74C2B}.Release|x86.Build.0 = Release|x86
		{7C9567A0-309C-4FC0-895B-0D62A2F32ECE}.Debug|Any CPU.ActiveCfg = Debug|Any CPU
		{7C9567A0-309C-4FC0-895B-0D62A2F32ECE}.Debug|Any CPU.Build.0 = Debug|Any CPU
		{7C9567A0-309C-4FC0-895B-0D62A2F32ECE}.Debug|Mixed Platforms.ActiveCfg = Debug|Any CPU
		{7C9567A0-309C-4FC0-895B-0D62A2F32ECE}.Debug|Mixed Platforms.Build.0 = Debug|Any CPU
		{7C9567A0-309C-4FC0-895B-0D62A2F32ECE}.Debug|x86.ActiveCfg = Debug|Any CPU
		{7C9567A0-309C-4FC0-895B-0D62A2F32ECE}.Release|Any CPU.ActiveCfg = Release|Any CPU
		{7C9567A0-309C-4FC0-895B-0D62A2F32ECE}.Release|Any CPU.Build.0 = Release|Any CPU
		{7C9567A0-309C-4FC0-895B-0D62A2F32ECE}.Release|Mixed Platforms.ActiveCfg = Release|Any CPU
		{7C9567A0-309C-4FC0-895B-0D62A2F32ECE}.Release|Mixed Platforms.Build.0 = Release|Any CPU
		{7C9567A0-309C-4FC0-895B-0D62A2F32ECE}.Release|x86.ActiveCfg = Release|Any CPU
		{A4BEC255-97BD-45B5-A11A-FBCA373A0FB3}.Debug|Any CPU.ActiveCfg = Debug|Any CPU
		{A4BEC255-97BD-45B5-A11A-FBCA373A0FB3}.Debug|Any CPU.Build.0 = Debug|Any CPU
		{A4BEC255-97BD-45B5-A11A-FBCA373A0FB3}.Debug|Mixed Platforms.ActiveCfg = Debug|Any CPU
		{A4BEC255-97BD-45B5-A11A-FBCA373A0FB3}.Debug|Mixed Platforms.Build.0 = Debug|Any CPU
		{A4BEC255-97BD-45B5-A11A-FBCA373A0FB3}.Debug|x86.ActiveCfg = Debug|Any CPU
		{A4BEC255-97BD-45B5-A11A-FBCA373A0FB3}.Release|Any CPU.ActiveCfg = Release|Any CPU
		{A4BEC255-97BD-45B5-A11A-FBCA373A0FB3}.Release|Any CPU.Build.0 = Release|Any CPU
		{A4BEC255-97BD-45B5-A11A-FBCA373A0FB3}.Release|Mixed Platforms.ActiveCfg = Release|Any CPU
		{A4BEC255-97BD-45B5-A11A-FBCA373A0FB3}.Release|Mixed Platforms.Build.0 = Release|Any CPU
		{A4BEC255-97BD-45B5-A11A-FBCA373A0FB3}.Release|x86.ActiveCfg = Release|Any CPU
	EndGlobalSection
	GlobalSection(SolutionProperties) = preSolution
		HideSolutionNode = FALSE
	EndGlobalSection
EndGlobal
